// !$*UTF8*$!
{
	archiveVersion = 1;
	classes = {
	};
	objectVersion = 46;
	objects = {

/* Begin PBXBuildFile section */
		58B8F0991E1CE8D1005C5C5F /* main.cpp in Sources */ = {isa = PBXBuildFile; fileRef = 58B8F0981E1CE8D1005C5C5F /* main.cpp */; };
		58B8F0A11E1CE92B005C5C5F /* One.cpp in Sources */ = {isa = PBXBuildFile; fileRef = 58B8F09F1E1CE92B005C5C5F /* One.cpp */; };
		58B8F0A41E1CED04005C5C5F /* OpenGL.framework in Frameworks */ = {isa = PBXBuildFile; fileRef = 58B8F0A31E1CED04005C5C5F /* OpenGL.framework */; };
		58B8F0A71E1CEF0F005C5C5F /* Detect.cpp in Sources */ = {isa = PBXBuildFile; fileRef = 58B8F0A51E1CEF0F005C5C5F /* Detect.cpp */; };
		58B8F0AC1E1D088B005C5C5F /* libglfw.3.3.dylib in Frameworks */ = {isa = PBXBuildFile; fileRef = 58B8F0AB1E1D088B005C5C5F /* libglfw.3.3.dylib */; };
		58B8F0B41E1D311C005C5C5F /* ShaderLoader.cpp in Sources */ = {isa = PBXBuildFile; fileRef = 58B8F0B21E1D311C005C5C5F /* ShaderLoader.cpp */; };
		58B8F0B61E1D36F5005C5C5F /* one_vs.glsl in CopyFiles */ = {isa = PBXBuildFile; fileRef = 58B8F0B01E1D2E42005C5C5F /* one_vs.glsl */; };
		58B8F0B71E1D36F5005C5C5F /* one_fs.glsl in CopyFiles */ = {isa = PBXBuildFile; fileRef = 58B8F0B11E1D2EC1005C5C5F /* one_fs.glsl */; };
		58B8F0B91E1E6DE3005C5C5F /* one_fs_alt.glsl in CopyFiles */ = {isa = PBXBuildFile; fileRef = 58B8F0B81E1E6811005C5C5F /* one_fs_alt.glsl */; };
		58B8F0BC1E1FA61F005C5C5F /* Logger.cpp in Sources */ = {isa = PBXBuildFile; fileRef = 58B8F0BA1E1FA61F005C5C5F /* Logger.cpp */; };
/* End PBXBuildFile section */

/* Begin PBXCopyFilesBuildPhase section */
		58B8F0931E1CE8D1005C5C5F /* CopyFiles */ = {
			isa = PBXCopyFilesBuildPhase;
			buildActionMask = 2147483647;
			dstPath = /usr/share/man/man1/;
			dstSubfolderSpec = 0;
			files = (
			);
			runOnlyForDeploymentPostprocessing = 1;
		};
		58B8F0B51E1D36C0005C5C5F /* CopyFiles */ = {
			isa = PBXCopyFilesBuildPhase;
			buildActionMask = 2147483647;
			dstPath = "";
			dstSubfolderSpec = 16;
			files = (
				58B8F0B91E1E6DE3005C5C5F /* one_fs_alt.glsl in CopyFiles */,
				58B8F0B61E1D36F5005C5C5F /* one_vs.glsl in CopyFiles */,
				58B8F0B71E1D36F5005C5C5F /* one_fs.glsl in CopyFiles */,
			);
			runOnlyForDeploymentPostprocessing = 0;
		};
/* End PBXCopyFilesBuildPhase section */

/* Begin PBXFileReference section */
		58B8F0951E1CE8D1005C5C5F /* OpenGL */ = {isa = PBXFileReference; explicitFileType = "compiled.mach-o.executable"; includeInIndex = 0; path = OpenGL; sourceTree = BUILT_PRODUCTS_DIR; };
		58B8F0981E1CE8D1005C5C5F /* main.cpp */ = {isa = PBXFileReference; lastKnownFileType = sourcecode.cpp.cpp; path = main.cpp; sourceTree = "<group>"; };
		58B8F09F1E1CE92B005C5C5F /* One.cpp */ = {isa = PBXFileReference; fileEncoding = 4; lastKnownFileType = sourcecode.cpp.cpp; path = One.cpp; sourceTree = "<group>"; };
		58B8F0A01E1CE92B005C5C5F /* One.hpp */ = {isa = PBXFileReference; fileEncoding = 4; lastKnownFileType = sourcecode.cpp.h; path = One.hpp; sourceTree = "<group>"; };
		58B8F0A31E1CED04005C5C5F /* OpenGL.framework */ = {isa = PBXFileReference; lastKnownFileType = wrapper.framework; name = OpenGL.framework; path = System/Library/Frameworks/OpenGL.framework; sourceTree = SDKROOT; };
		58B8F0A51E1CEF0F005C5C5F /* Detect.cpp */ = {isa = PBXFileReference; fileEncoding = 4; lastKnownFileType = sourcecode.cpp.cpp; path = Detect.cpp; sourceTree = "<group>"; };
		58B8F0A61E1CEF0F005C5C5F /* Detect.hpp */ = {isa = PBXFileReference; fileEncoding = 4; lastKnownFileType = sourcecode.cpp.h; path = Detect.hpp; sourceTree = "<group>"; };
		58B8F0A81E1CFEC2005C5C5F /* libglfw3.a */ = {isa = PBXFileReference; lastKnownFileType = archive.ar; name = libglfw3.a; path = ../../../../../usr/local/lib/libglfw3.a; sourceTree = "<group>"; };
		58B8F0AB1E1D088B005C5C5F /* libglfw.3.3.dylib */ = {isa = PBXFileReference; lastKnownFileType = "compiled.mach-o.dylib"; name = libglfw.3.3.dylib; path = ../../../../../usr/local/lib/libglfw.3.3.dylib; sourceTree = "<group>"; };
		58B8F0B01E1D2E42005C5C5F /* one_vs.glsl */ = {isa = PBXFileReference; fileEncoding = 4; lastKnownFileType = text; path = one_vs.glsl; sourceTree = "<group>"; };
		58B8F0B11E1D2EC1005C5C5F /* one_fs.glsl */ = {isa = PBXFileReference; fileEncoding = 4; lastKnownFileType = text; path = one_fs.glsl; sourceTree = "<group>"; };
		58B8F0B21E1D311C005C5C5F /* ShaderLoader.cpp */ = {isa = PBXFileReference; fileEncoding = 4; lastKnownFileType = sourcecode.cpp.cpp; path = ShaderLoader.cpp; sourceTree = "<group>"; };
		58B8F0B31E1D311C005C5C5F /* ShaderLoader.hpp */ = {isa = PBXFileReference; fileEncoding = 4; lastKnownFileType = sourcecode.cpp.h; path = ShaderLoader.hpp; sourceTree = "<group>"; };
		58B8F0B81E1E6811005C5C5F /* one_fs_alt.glsl */ = {isa = PBXFileReference; fileEncoding = 4; lastKnownFileType = text.xml; path = one_fs_alt.glsl; sourceTree = "<group>"; };
		58B8F0BA1E1FA61F005C5C5F /* Logger.cpp */ = {isa = PBXFileReference; fileEncoding = 4; lastKnownFileType = sourcecode.cpp.cpp; path = Logger.cpp; sourceTree = "<group>"; };
		58B8F0BB1E1FA61F005C5C5F /* Logger.hpp */ = {isa = PBXFileReference; fileEncoding = 4; lastKnownFileType = sourcecode.cpp.h; path = Logger.hpp; sourceTree = "<group>"; };
/* End PBXFileReference section */

/* Begin PBXFrameworksBuildPhase section */
		58B8F0921E1CE8D1005C5C5F /* Frameworks */ = {
			isa = PBXFrameworksBuildPhase;
			buildActionMask = 2147483647;
			files = (
				58B8F0A41E1CED04005C5C5F /* OpenGL.framework in Frameworks */,
				58B8F0AC1E1D088B005C5C5F /* libglfw.3.3.dylib in Frameworks */,
			);
			runOnlyForDeploymentPostprocessing = 0;
		};
/* End PBXFrameworksBuildPhase section */

/* Begin PBXGroup section */
		58B8F08C1E1CE8D1005C5C5F = {
			isa = PBXGroup;
			children = (
				58B8F0971E1CE8D1005C5C5F /* OpenGL */,
				58B8F0961E1CE8D1005C5C5F /* Products */,
				58B8F0A21E1CED03005C5C5F /* Frameworks */,
			);
			sourceTree = "<group>";
		};
		58B8F0961E1CE8D1005C5C5F /* Products */ = {
			isa = PBXGroup;
			children = (
				58B8F0951E1CE8D1005C5C5F /* OpenGL */,
			);
			name = Products;
			sourceTree = "<group>";
		};
		58B8F0971E1CE8D1005C5C5F /* OpenGL */ = {
			isa = PBXGroup;
			children = (
				58B8F0AD1E1D2C50005C5C5F /* shaders */,
				58B8F0981E1CE8D1005C5C5F /* main.cpp */,
				58B8F09F1E1CE92B005C5C5F /* One.cpp */,
				58B8F0A01E1CE92B005C5C5F /* One.hpp */,
				58B8F0A51E1CEF0F005C5C5F /* Detect.cpp */,
				58B8F0A61E1CEF0F005C5C5F /* Detect.hpp */,
				58B8F0B21E1D311C005C5C5F /* ShaderLoader.cpp */,
				58B8F0B31E1D311C005C5C5F /* ShaderLoader.hpp */,
				58B8F0BA1E1FA61F005C5C5F /* Logger.cpp */,
				58B8F0BB1E1FA61F005C5C5F /* Logger.hpp */,
			);
			path = OpenGL;
			sourceTree = "<group>";
		};
		58B8F0A21E1CED03005C5C5F /* Frameworks */ = {
			isa = PBXGroup;
			children = (
				58B8F0AB1E1D088B005C5C5F /* libglfw.3.3.dylib */,
				58B8F0A81E1CFEC2005C5C5F /* libglfw3.a */,
				58B8F0A31E1CED04005C5C5F /* OpenGL.framework */,
			);
			name = Frameworks;
			sourceTree = "<group>";
		};
		58B8F0AD1E1D2C50005C5C5F /* shaders */ = {
			isa = PBXGroup;
			children = (
				58B8F0B01E1D2E42005C5C5F /* one_vs.glsl */,
				58B8F0B11E1D2EC1005C5C5F /* one_fs.glsl */,
				58B8F0B81E1E6811005C5C5F /* one_fs_alt.glsl */,
			);
			name = shaders;
			sourceTree = "<group>";
		};
/* End PBXGroup section */

/* Begin PBXNativeTarget section */
		58B8F0941E1CE8D1005C5C5F /* OpenGL */ = {
			isa = PBXNativeTarget;
			buildConfigurationList = 58B8F09C1E1CE8D1005C5C5F /* Build configuration list for PBXNativeTarget "OpenGL" */;
			buildPhases = (
				58B8F0911E1CE8D1005C5C5F /* Sources */,
				58B8F0921E1CE8D1005C5C5F /* Frameworks */,
				58B8F0931E1CE8D1005C5C5F /* CopyFiles */,
				58B8F0B51E1D36C0005C5C5F /* CopyFiles */,
			);
			buildRules = (
			);
			dependencies = (
			);
			name = OpenGL;
			productName = OpenGL;
			productReference = 58B8F0951E1CE8D1005C5C5F /* OpenGL */;
			productType = "com.apple.product-type.tool";
		};
/* End PBXNativeTarget section */

/* Begin PBXProject section */
		58B8F08D1E1CE8D1005C5C5F /* Project object */ = {
			isa = PBXProject;
			attributes = {
				LastUpgradeCheck = 0800;
				ORGANIZATIONNAME = "Matt Finucane";
				TargetAttributes = {
					58B8F0941E1CE8D1005C5C5F = {
						CreatedOnToolsVersion = 8.0;
						ProvisioningStyle = Automatic;
					};
				};
			};
			buildConfigurationList = 58B8F0901E1CE8D1005C5C5F /* Build configuration list for PBXProject "OpenGL" */;
			compatibilityVersion = "Xcode 3.2";
			developmentRegion = English;
			hasScannedForEncodings = 0;
			knownRegions = (
				en,
			);
			mainGroup = 58B8F08C1E1CE8D1005C5C5F;
			productRefGroup = 58B8F0961E1CE8D1005C5C5F /* Products */;
			projectDirPath = "";
			projectRoot = "";
			targets = (
				58B8F0941E1CE8D1005C5C5F /* OpenGL */,
			);
		};
/* End PBXProject section */

/* Begin PBXSourcesBuildPhase section */
		58B8F0911E1CE8D1005C5C5F /* Sources */ = {
			isa = PBXSourcesBuildPhase;
			buildActionMask = 2147483647;
			files = (
				58B8F0A11E1CE92B005C5C5F /* One.cpp in Sources */,
				58B8F0BC1E1FA61F005C5C5F /* Logger.cpp in Sources */,
				58B8F0A71E1CEF0F005C5C5F /* Detect.cpp in Sources */,
				58B8F0991E1CE8D1005C5C5F /* main.cpp in Sources */,
				58B8F0B41E1D311C005C5C5F /* ShaderLoader.cpp in Sources */,
			);
			runOnlyForDeploymentPostprocessing = 0;
		};
/* End PBXSourcesBuildPhase section */

/* Begin XCBuildConfiguration section */
		58B8F09A1E1CE8D1005C5C5F /* Debug */ = {
			isa = XCBuildConfiguration;
			buildSettings = {
				ALWAYS_SEARCH_USER_PATHS = NO;
				CLANG_ANALYZER_NONNULL = YES;
				CLANG_CXX_LANGUAGE_STANDARD = "gnu++0x";
				CLANG_CXX_LIBRARY = "libc++";
				CLANG_ENABLE_MODULES = YES;
				CLANG_ENABLE_OBJC_ARC = YES;
				CLANG_WARN_BOOL_CONVERSION = YES;
				CLANG_WARN_CONSTANT_CONVERSION = YES;
				CLANG_WARN_DIRECT_OBJC_ISA_USAGE = YES_ERROR;
				CLANG_WARN_DOCUMENTATION_COMMENTS = YES;
				CLANG_WARN_EMPTY_BODY = YES;
				CLANG_WARN_ENUM_CONVERSION = YES;
				CLANG_WARN_INFINITE_RECURSION = YES;
				CLANG_WARN_INT_CONVERSION = YES;
				CLANG_WARN_OBJC_ROOT_CLASS = YES_ERROR;
				CLANG_WARN_SUSPICIOUS_MOVES = YES;
				CLANG_WARN_UNREACHABLE_CODE = YES;
				CLANG_WARN__DUPLICATE_METHOD_MATCH = YES;
				CODE_SIGN_IDENTITY = "-";
				COPY_PHASE_STRIP = NO;
				DEBUG_INFORMATION_FORMAT = dwarf;
				ENABLE_STRICT_OBJC_MSGSEND = YES;
				ENABLE_TESTABILITY = YES;
				GCC_C_LANGUAGE_STANDARD = gnu99;
				GCC_DYNAMIC_NO_PIC = NO;
				GCC_NO_COMMON_BLOCKS = YES;
				GCC_OPTIMIZATION_LEVEL = 0;
				GCC_PREPROCESSOR_DEFINITIONS = (
					"DEBUG=1",
					"$(inherited)",
				);
				GCC_WARN_64_TO_32_BIT_CONVERSION = YES;
				GCC_WARN_ABOUT_RETURN_TYPE = YES_ERROR;
				GCC_WARN_UNDECLARED_SELECTOR = YES;
				GCC_WARN_UNINITIALIZED_AUTOS = YES_AGGRESSIVE;
				GCC_WARN_UNUSED_FUNCTION = YES;
				GCC_WARN_UNUSED_VARIABLE = YES;
				MACOSX_DEPLOYMENT_TARGET = 10.12;
				MTL_ENABLE_DEBUG_INFO = YES;
				ONLY_ACTIVE_ARCH = YES;
				SDKROOT = macosx;
			};
			name = Debug;
		};
		58B8F09B1E1CE8D1005C5C5F /* Release */ = {
			isa = XCBuildConfiguration;
			buildSettings = {
				ALWAYS_SEARCH_USER_PATHS = NO;
				CLANG_ANALYZER_NONNULL = YES;
				CLANG_CXX_LANGUAGE_STANDARD = "gnu++0x";
				CLANG_CXX_LIBRARY = "libc++";
				CLANG_ENABLE_MODULES = YES;
				CLANG_ENABLE_OBJC_ARC = YES;
				CLANG_WARN_BOOL_CONVERSION = YES;
				CLANG_WARN_CONSTANT_CONVERSION = YES;
				CLANG_WARN_DIRECT_OBJC_ISA_USAGE = YES_ERROR;
				CLANG_WARN_DOCUMENTATION_COMMENTS = YES;
				CLANG_WARN_EMPTY_BODY = YES;
				CLANG_WARN_ENUM_CONVERSION = YES;
				CLANG_WARN_INFINITE_RECURSION = YES;
				CLANG_WARN_INT_CONVERSION = YES;
				CLANG_WARN_OBJC_ROOT_CLASS = YES_ERROR;
				CLANG_WARN_SUSPICIOUS_MOVES = YES;
				CLANG_WARN_UNREACHABLE_CODE = YES;
				CLANG_WARN__DUPLICATE_METHOD_MATCH = YES;
				CODE_SIGN_IDENTITY = "-";
				COPY_PHASE_STRIP = NO;
				DEBUG_INFORMATION_FORMAT = "dwarf-with-dsym";
				ENABLE_NS_ASSERTIONS = NO;
				ENABLE_STRICT_OBJC_MSGSEND = YES;
				GCC_C_LANGUAGE_STANDARD = gnu99;
				GCC_NO_COMMON_BLOCKS = YES;
				GCC_WARN_64_TO_32_BIT_CONVERSION = YES;
				GCC_WARN_ABOUT_RETURN_TYPE = YES_ERROR;
				GCC_WARN_UNDECLARED_SELECTOR = YES;
				GCC_WARN_UNINITIALIZED_AUTOS = YES_AGGRESSIVE;
				GCC_WARN_UNUSED_FUNCTION = YES;
				GCC_WARN_UNUSED_VARIABLE = YES;
				MACOSX_DEPLOYMENT_TARGET = 10.12;
				MTL_ENABLE_DEBUG_INFO = NO;
				SDKROOT = macosx;
			};
			name = Release;
		};
		58B8F09D1E1CE8D1005C5C5F /* Debug */ = {
			isa = XCBuildConfiguration;
			buildSettings = {
				HEADER_SEARCH_PATHS = /usr/local/include;
				LIBRARY_SEARCH_PATHS = /usr/local/lib;
				PRODUCT_NAME = "$(TARGET_NAME)";
			};
			name = Debug;
		};
		58B8F09E1E1CE8D1005C5C5F /* Release */ = {
			isa = XCBuildConfiguration;
			buildSettings = {
				HEADER_SEARCH_PATHS = /usr/local/include;
				LIBRARY_SEARCH_PATHS = /usr/local/lib;
				PRODUCT_NAME = "$(TARGET_NAME)";
			};
			name = Release;
		};
/* End XCBuildConfiguration section */

/* Begin XCConfigurationList section */
		58B8F0901E1CE8D1005C5C5F /* Build configuration list for PBXProject "OpenGL" */ = {
			isa = XCConfigurationList;
			buildConfigurations = (
				58B8F09A1E1CE8D1005C5C5F /* Debug */,
				58B8F09B1E1CE8D1005C5C5F /* Release */,
			);
			defaultConfigurationIsVisible = 0;
			defaultConfigurationName = Release;
		};
		58B8F09C1E1CE8D1005C5C5F /* Build configuration list for PBXNativeTarget "OpenGL" */ = {
			isa = XCConfigurationList;
			buildConfigurations = (
				58B8F09D1E1CE8D1005C5C5F /* Debug */,
				58B8F09E1E1CE8D1005C5C5F /* Release */,
			);
			defaultConfigurationIsVisible = 0;
			defaultConfigurationName = Release;
		};
/* End XCConfigurationList section */
	};
	rootObject = 58B8F08D1E1CE8D1005C5C5F /* Project object */;
}
