// !$*UTF8*$!
{
	archiveVersion = 1;
	classes = {
	};
	objectVersion = 46;
	objects = {

/* Begin PBXBuildFile section */
		582FB5B51E32621600C031C6 /* Matrices.cpp in Sources */ = {isa = PBXBuildFile; fileRef = 582FB5B31E32621600C031C6 /* Matrices.cpp */; };
		582FB5BB1E3567FD00C031C6 /* cup.obj in CopyFiles */ = {isa = PBXBuildFile; fileRef = 582FB5B91E3567EE00C031C6 /* cup.obj */; };
		582FB5BE1E35E46100C031C6 /* ObjectLoader.cpp in Sources */ = {isa = PBXBuildFile; fileRef = 582FB5BC1E35E46100C031C6 /* ObjectLoader.cpp */; };
		582FB5C01E36574400C031C6 /* structure.obj in CopyFiles */ = {isa = PBXBuildFile; fileRef = 582FB5BF1E36573A00C031C6 /* structure.obj */; };
		582FB5C31E36778E00C031C6 /* CameraPerspectiveDemo.cpp in Sources */ = {isa = PBXBuildFile; fileRef = 582FB5C11E36778E00C031C6 /* CameraPerspectiveDemo.cpp */; };
		582FB5C61E36A13600C031C6 /* camera_perspective_demo.vert in CopyFiles */ = {isa = PBXBuildFile; fileRef = 582FB5C41E36A11A00C031C6 /* camera_perspective_demo.vert */; };
		582FB5C71E36A13600C031C6 /* camera_perspective_demo.frag in CopyFiles */ = {isa = PBXBuildFile; fileRef = 582FB5C51E36A12D00C031C6 /* camera_perspective_demo.frag */; };
		582FB5CC1E378BA600C031C6 /* Mesh.cpp in Sources */ = {isa = PBXBuildFile; fileRef = 582FB5CA1E378BA600C031C6 /* Mesh.cpp */; };
		583EDA4B1E42680A00B012D9 /* Input.cpp in Sources */ = {isa = PBXBuildFile; fileRef = 583EDA491E42680A00B012D9 /* Input.cpp */; };
		5862C8CD1E323C4A00D0ADEF /* cube_transform_demo.vert in CopyFiles */ = {isa = PBXBuildFile; fileRef = 5862C8CB1E32390100D0ADEF /* cube_transform_demo.vert */; };
		5862C8CE1E323C4A00D0ADEF /* cube_transform_demo.frag in CopyFiles */ = {isa = PBXBuildFile; fileRef = 5862C8CC1E32391300D0ADEF /* cube_transform_demo.frag */; };
		5869ACB61E27C97100182916 /* VertexBufferObjects.cpp in Sources */ = {isa = PBXBuildFile; fileRef = 5869ACB41E27C97000182916 /* VertexBufferObjects.cpp */; };
		5869ACB91E27F0B000182916 /* vertex_buffer_objects.vert in CopyFiles */ = {isa = PBXBuildFile; fileRef = 5869ACB71E27E58600182916 /* vertex_buffer_objects.vert */; };
		5869ACBA1E27F0B000182916 /* vertex_buffer_objects.frag in CopyFiles */ = {isa = PBXBuildFile; fileRef = 5869ACB81E27E59D00182916 /* vertex_buffer_objects.frag */; };
		5869ACBD1E29033A00182916 /* CubeTransformDemo.cpp in Sources */ = {isa = PBXBuildFile; fileRef = 5869ACBB1E29033A00182916 /* CubeTransformDemo.cpp */; };
		587AE8381E60A4FE00881681 /* Camera.cpp in Sources */ = {isa = PBXBuildFile; fileRef = 587AE8361E60A4FE00881681 /* Camera.cpp */; };
		58B8F0991E1CE8D1005C5C5F /* main.cpp in Sources */ = {isa = PBXBuildFile; fileRef = 58B8F0981E1CE8D1005C5C5F /* main.cpp */; };
		58B8F0A11E1CE92B005C5C5F /* Shapes.cpp in Sources */ = {isa = PBXBuildFile; fileRef = 58B8F09F1E1CE92B005C5C5F /* Shapes.cpp */; };
		58B8F0A41E1CED04005C5C5F /* OpenGL.framework in Frameworks */ = {isa = PBXBuildFile; fileRef = 58B8F0A31E1CED04005C5C5F /* OpenGL.framework */; };
		58B8F0A71E1CEF0F005C5C5F /* Detect.cpp in Sources */ = {isa = PBXBuildFile; fileRef = 58B8F0A51E1CEF0F005C5C5F /* Detect.cpp */; };
		58B8F0AC1E1D088B005C5C5F /* libglfw.3.3.dylib in Frameworks */ = {isa = PBXBuildFile; fileRef = 58B8F0AB1E1D088B005C5C5F /* libglfw.3.3.dylib */; };
		58B8F0B41E1D311C005C5C5F /* ShaderLoader.cpp in Sources */ = {isa = PBXBuildFile; fileRef = 58B8F0B21E1D311C005C5C5F /* ShaderLoader.cpp */; };
		58B8F0B61E1D36F5005C5C5F /* one_vs.glsl in CopyFiles */ = {isa = PBXBuildFile; fileRef = 58B8F0B01E1D2E42005C5C5F /* one_vs.glsl */; };
		58B8F0B71E1D36F5005C5C5F /* one_fs.glsl in CopyFiles */ = {isa = PBXBuildFile; fileRef = 58B8F0B11E1D2EC1005C5C5F /* one_fs.glsl */; };
		58B8F0B91E1E6DE3005C5C5F /* one_fs_alt.glsl in CopyFiles */ = {isa = PBXBuildFile; fileRef = 58B8F0B81E1E6811005C5C5F /* one_fs_alt.glsl */; };
		58B8F0BC1E1FA61F005C5C5F /* Logger.cpp in Sources */ = {isa = PBXBuildFile; fileRef = 58B8F0BA1E1FA61F005C5C5F /* Logger.cpp */; };
		58B8F0BF1E20F2A7005C5C5F /* GLParams.cpp in Sources */ = {isa = PBXBuildFile; fileRef = 58B8F0BD1E20F2A7005C5C5F /* GLParams.cpp */; };
		58B8F0C21E212D6A005C5C5F /* Shaders.cpp in Sources */ = {isa = PBXBuildFile; fileRef = 58B8F0C01E212D6A005C5C5F /* Shaders.cpp */; };
		58B8F0C51E23A6F2005C5C5F /* shaders.vert in CopyFiles */ = {isa = PBXBuildFile; fileRef = 58B8F0C31E21570C005C5C5F /* shaders.vert */; };
		58B8F0C61E23A6F2005C5C5F /* shaders.frag in CopyFiles */ = {isa = PBXBuildFile; fileRef = 58B8F0C41E215757005C5C5F /* shaders.frag */; };
		58C8F1AE1E4CBEA100A7851F /* GLUtilities.cpp in Sources */ = {isa = PBXBuildFile; fileRef = 58C8F1AC1E4CBEA100A7851F /* GLUtilities.cpp */; };
		58C8F1B11E4E100C00A7851F /* QuaternionDemo.cpp in Sources */ = {isa = PBXBuildFile; fileRef = 58C8F1AF1E4E100C00A7851F /* QuaternionDemo.cpp */; };
		58C8F1B41E4E245B00A7851F /* quaternion_demo.vert in CopyFiles */ = {isa = PBXBuildFile; fileRef = 58C8F1B21E4E1E5000A7851F /* quaternion_demo.vert */; };
		58C8F1B51E4E245B00A7851F /* quaternion_demo.frag in CopyFiles */ = {isa = PBXBuildFile; fileRef = 58C8F1B31E4E1E6600A7851F /* quaternion_demo.frag */; };
		58C8F1B81E4F242B00A7851F /* Quaternion.cpp in Sources */ = {isa = PBXBuildFile; fileRef = 58C8F1B61E4F242B00A7851F /* Quaternion.cpp */; };
/* End PBXBuildFile section */

/* Begin PBXCopyFilesBuildPhase section */
		58B8F0931E1CE8D1005C5C5F /* CopyFiles */ = {
			isa = PBXCopyFilesBuildPhase;
			buildActionMask = 2147483647;
			dstPath = /usr/share/man/man1/;
			dstSubfolderSpec = 0;
			files = (
			);
			runOnlyForDeploymentPostprocessing = 1;
		};
		58B8F0B51E1D36C0005C5C5F /* CopyFiles */ = {
			isa = PBXCopyFilesBuildPhase;
			buildActionMask = 2147483647;
			dstPath = "";
			dstSubfolderSpec = 16;
			files = (
				58C8F1B41E4E245B00A7851F /* quaternion_demo.vert in CopyFiles */,
				58C8F1B51E4E245B00A7851F /* quaternion_demo.frag in CopyFiles */,
				582FB5C61E36A13600C031C6 /* camera_perspective_demo.vert in CopyFiles */,
				582FB5C71E36A13600C031C6 /* camera_perspective_demo.frag in CopyFiles */,
				582FB5C01E36574400C031C6 /* structure.obj in CopyFiles */,
				582FB5BB1E3567FD00C031C6 /* cup.obj in CopyFiles */,
				5862C8CD1E323C4A00D0ADEF /* cube_transform_demo.vert in CopyFiles */,
				5862C8CE1E323C4A00D0ADEF /* cube_transform_demo.frag in CopyFiles */,
				5869ACB91E27F0B000182916 /* vertex_buffer_objects.vert in CopyFiles */,
				5869ACBA1E27F0B000182916 /* vertex_buffer_objects.frag in CopyFiles */,
				58B8F0C51E23A6F2005C5C5F /* shaders.vert in CopyFiles */,
				58B8F0C61E23A6F2005C5C5F /* shaders.frag in CopyFiles */,
				58B8F0B91E1E6DE3005C5C5F /* one_fs_alt.glsl in CopyFiles */,
				58B8F0B61E1D36F5005C5C5F /* one_vs.glsl in CopyFiles */,
				58B8F0B71E1D36F5005C5C5F /* one_fs.glsl in CopyFiles */,
			);
			runOnlyForDeploymentPostprocessing = 0;
		};
/* End PBXCopyFilesBuildPhase section */

/* Begin PBXFileReference section */
		582FB5B31E32621600C031C6 /* Matrices.cpp */ = {isa = PBXFileReference; fileEncoding = 4; lastKnownFileType = sourcecode.cpp.cpp; path = Matrices.cpp; sourceTree = "<group>"; };
		582FB5B41E32621600C031C6 /* Matrices.hpp */ = {isa = PBXFileReference; fileEncoding = 4; lastKnownFileType = sourcecode.cpp.h; path = Matrices.hpp; sourceTree = "<group>"; };
		582FB5B61E32627F00C031C6 /* Enumerations.h */ = {isa = PBXFileReference; lastKnownFileType = sourcecode.c.h; path = Enumerations.h; sourceTree = "<group>"; };
		582FB5B91E3567EE00C031C6 /* cup.obj */ = {isa = PBXFileReference; fileEncoding = 4; lastKnownFileType = text; path = cup.obj; sourceTree = "<group>"; };
		582FB5BC1E35E46100C031C6 /* ObjectLoader.cpp */ = {isa = PBXFileReference; fileEncoding = 4; lastKnownFileType = sourcecode.cpp.cpp; path = ObjectLoader.cpp; sourceTree = "<group>"; };
		582FB5BD1E35E46100C031C6 /* ObjectLoader.hpp */ = {isa = PBXFileReference; fileEncoding = 4; lastKnownFileType = sourcecode.cpp.h; path = ObjectLoader.hpp; sourceTree = "<group>"; };
		582FB5BF1E36573A00C031C6 /* structure.obj */ = {isa = PBXFileReference; fileEncoding = 4; lastKnownFileType = text; path = structure.obj; sourceTree = "<group>"; };
		582FB5C11E36778E00C031C6 /* CameraPerspectiveDemo.cpp */ = {isa = PBXFileReference; fileEncoding = 4; lastKnownFileType = sourcecode.cpp.cpp; path = CameraPerspectiveDemo.cpp; sourceTree = "<group>"; };
		582FB5C21E36778E00C031C6 /* CameraPerspectiveDemo.hpp */ = {isa = PBXFileReference; fileEncoding = 4; lastKnownFileType = sourcecode.cpp.h; path = CameraPerspectiveDemo.hpp; sourceTree = "<group>"; };
		582FB5C41E36A11A00C031C6 /* camera_perspective_demo.vert */ = {isa = PBXFileReference; fileEncoding = 4; lastKnownFileType = sourcecode.glsl; path = camera_perspective_demo.vert; sourceTree = "<group>"; };
		582FB5C51E36A12D00C031C6 /* camera_perspective_demo.frag */ = {isa = PBXFileReference; fileEncoding = 4; lastKnownFileType = sourcecode.glsl; path = camera_perspective_demo.frag; sourceTree = "<group>"; };
		582FB5C81E36BE9C00C031C6 /* Meshes.h */ = {isa = PBXFileReference; lastKnownFileType = sourcecode.c.h; path = Meshes.h; sourceTree = "<group>"; };
		582FB5C91E36BEEB00C031C6 /* Structs.h */ = {isa = PBXFileReference; lastKnownFileType = sourcecode.c.h; path = Structs.h; sourceTree = "<group>"; };
		582FB5CA1E378BA600C031C6 /* Mesh.cpp */ = {isa = PBXFileReference; fileEncoding = 4; lastKnownFileType = sourcecode.cpp.cpp; path = Mesh.cpp; sourceTree = "<group>"; };
		582FB5CB1E378BA600C031C6 /* Mesh.hpp */ = {isa = PBXFileReference; fileEncoding = 4; lastKnownFileType = sourcecode.cpp.h; path = Mesh.hpp; sourceTree = "<group>"; };
		583EDA491E42680A00B012D9 /* Input.cpp */ = {isa = PBXFileReference; fileEncoding = 4; lastKnownFileType = sourcecode.cpp.cpp; path = Input.cpp; sourceTree = "<group>"; };
		583EDA4A1E42680A00B012D9 /* Input.hpp */ = {isa = PBXFileReference; fileEncoding = 4; lastKnownFileType = sourcecode.cpp.h; path = Input.hpp; sourceTree = "<group>"; };
		5862C8CB1E32390100D0ADEF /* cube_transform_demo.vert */ = {isa = PBXFileReference; fileEncoding = 4; lastKnownFileType = sourcecode.glsl; path = cube_transform_demo.vert; sourceTree = "<group>"; };
		5862C8CC1E32391300D0ADEF /* cube_transform_demo.frag */ = {isa = PBXFileReference; fileEncoding = 4; lastKnownFileType = sourcecode.glsl; path = cube_transform_demo.frag; sourceTree = "<group>"; };
		5869ACB41E27C97000182916 /* VertexBufferObjects.cpp */ = {isa = PBXFileReference; fileEncoding = 4; lastKnownFileType = sourcecode.cpp.cpp; path = VertexBufferObjects.cpp; sourceTree = "<group>"; };
		5869ACB51E27C97100182916 /* VertexBufferObjects.hpp */ = {isa = PBXFileReference; fileEncoding = 4; lastKnownFileType = sourcecode.cpp.h; path = VertexBufferObjects.hpp; sourceTree = "<group>"; };
		5869ACB71E27E58600182916 /* vertex_buffer_objects.vert */ = {isa = PBXFileReference; fileEncoding = 4; lastKnownFileType = sourcecode.glsl; path = vertex_buffer_objects.vert; sourceTree = "<group>"; };
		5869ACB81E27E59D00182916 /* vertex_buffer_objects.frag */ = {isa = PBXFileReference; fileEncoding = 4; lastKnownFileType = sourcecode.glsl; path = vertex_buffer_objects.frag; sourceTree = "<group>"; };
		5869ACBB1E29033A00182916 /* CubeTransformDemo.cpp */ = {isa = PBXFileReference; fileEncoding = 4; lastKnownFileType = sourcecode.cpp.cpp; path = CubeTransformDemo.cpp; sourceTree = "<group>"; };
		5869ACBC1E29033A00182916 /* CubeTransformDemo.hpp */ = {isa = PBXFileReference; fileEncoding = 4; lastKnownFileType = sourcecode.cpp.h; path = CubeTransformDemo.hpp; sourceTree = "<group>"; };
		5869ACD81E316EAD00182916 /* Points.hpp */ = {isa = PBXFileReference; lastKnownFileType = sourcecode.cpp.h; path = Points.hpp; sourceTree = "<group>"; };
		58754FF41E39288F0012AAC7 /* Matrix.hpp */ = {isa = PBXFileReference; fileEncoding = 4; lastKnownFileType = sourcecode.cpp.h; path = Matrix.hpp; sourceTree = "<group>"; };
		587AE8361E60A4FE00881681 /* Camera.cpp */ = {isa = PBXFileReference; fileEncoding = 4; lastKnownFileType = sourcecode.cpp.cpp; path = Camera.cpp; sourceTree = "<group>"; };
		587AE8371E60A4FE00881681 /* Camera.hpp */ = {isa = PBXFileReference; fileEncoding = 4; lastKnownFileType = sourcecode.cpp.h; path = Camera.hpp; sourceTree = "<group>"; };
		58B8F0951E1CE8D1005C5C5F /* OpenGL */ = {isa = PBXFileReference; explicitFileType = "compiled.mach-o.executable"; includeInIndex = 0; path = OpenGL; sourceTree = BUILT_PRODUCTS_DIR; };
		58B8F0981E1CE8D1005C5C5F /* main.cpp */ = {isa = PBXFileReference; lastKnownFileType = sourcecode.cpp.cpp; path = main.cpp; sourceTree = "<group>"; };
		58B8F09F1E1CE92B005C5C5F /* Shapes.cpp */ = {isa = PBXFileReference; fileEncoding = 4; lastKnownFileType = sourcecode.cpp.cpp; path = Shapes.cpp; sourceTree = "<group>"; };
		58B8F0A01E1CE92B005C5C5F /* Shapes.hpp */ = {isa = PBXFileReference; fileEncoding = 4; lastKnownFileType = sourcecode.cpp.h; path = Shapes.hpp; sourceTree = "<group>"; };
		58B8F0A31E1CED04005C5C5F /* OpenGL.framework */ = {isa = PBXFileReference; lastKnownFileType = wrapper.framework; name = OpenGL.framework; path = System/Library/Frameworks/OpenGL.framework; sourceTree = SDKROOT; };
		58B8F0A51E1CEF0F005C5C5F /* Detect.cpp */ = {isa = PBXFileReference; fileEncoding = 4; lastKnownFileType = sourcecode.cpp.cpp; path = Detect.cpp; sourceTree = "<group>"; };
		58B8F0A61E1CEF0F005C5C5F /* Detect.hpp */ = {isa = PBXFileReference; fileEncoding = 4; lastKnownFileType = sourcecode.cpp.h; path = Detect.hpp; sourceTree = "<group>"; };
		58B8F0A81E1CFEC2005C5C5F /* libglfw3.a */ = {isa = PBXFileReference; lastKnownFileType = archive.ar; name = libglfw3.a; path = ../../../../../usr/local/lib/libglfw3.a; sourceTree = "<group>"; };
		58B8F0AB1E1D088B005C5C5F /* libglfw.3.3.dylib */ = {isa = PBXFileReference; lastKnownFileType = "compiled.mach-o.dylib"; name = libglfw.3.3.dylib; path = ../../../../../usr/local/lib/libglfw.3.3.dylib; sourceTree = "<group>"; };
		58B8F0B01E1D2E42005C5C5F /* one_vs.glsl */ = {isa = PBXFileReference; fileEncoding = 4; lastKnownFileType = text; path = one_vs.glsl; sourceTree = "<group>"; };
		58B8F0B11E1D2EC1005C5C5F /* one_fs.glsl */ = {isa = PBXFileReference; fileEncoding = 4; lastKnownFileType = text; path = one_fs.glsl; sourceTree = "<group>"; };
		58B8F0B21E1D311C005C5C5F /* ShaderLoader.cpp */ = {isa = PBXFileReference; fileEncoding = 4; lastKnownFileType = sourcecode.cpp.cpp; path = ShaderLoader.cpp; sourceTree = "<group>"; };
		58B8F0B31E1D311C005C5C5F /* ShaderLoader.hpp */ = {isa = PBXFileReference; fileEncoding = 4; lastKnownFileType = sourcecode.cpp.h; path = ShaderLoader.hpp; sourceTree = "<group>"; };
		58B8F0B81E1E6811005C5C5F /* one_fs_alt.glsl */ = {isa = PBXFileReference; fileEncoding = 4; lastKnownFileType = text.xml; path = one_fs_alt.glsl; sourceTree = "<group>"; };
		58B8F0BA1E1FA61F005C5C5F /* Logger.cpp */ = {isa = PBXFileReference; fileEncoding = 4; lastKnownFileType = sourcecode.cpp.cpp; path = Logger.cpp; sourceTree = "<group>"; };
		58B8F0BB1E1FA61F005C5C5F /* Logger.hpp */ = {isa = PBXFileReference; fileEncoding = 4; lastKnownFileType = sourcecode.cpp.h; path = Logger.hpp; sourceTree = "<group>"; };
		58B8F0BD1E20F2A7005C5C5F /* GLParams.cpp */ = {isa = PBXFileReference; fileEncoding = 4; lastKnownFileType = sourcecode.cpp.cpp; path = GLParams.cpp; sourceTree = "<group>"; };
		58B8F0BE1E20F2A7005C5C5F /* GLParams.hpp */ = {isa = PBXFileReference; fileEncoding = 4; lastKnownFileType = sourcecode.cpp.h; path = GLParams.hpp; sourceTree = "<group>"; };
		58B8F0C01E212D6A005C5C5F /* Shaders.cpp */ = {isa = PBXFileReference; fileEncoding = 4; lastKnownFileType = sourcecode.cpp.cpp; path = Shaders.cpp; sourceTree = "<group>"; };
		58B8F0C11E212D6A005C5C5F /* Shaders.hpp */ = {isa = PBXFileReference; fileEncoding = 4; lastKnownFileType = sourcecode.cpp.h; path = Shaders.hpp; sourceTree = "<group>"; };
		58B8F0C31E21570C005C5C5F /* shaders.vert */ = {isa = PBXFileReference; fileEncoding = 4; lastKnownFileType = sourcecode.glsl; path = shaders.vert; sourceTree = "<group>"; };
		58B8F0C41E215757005C5C5F /* shaders.frag */ = {isa = PBXFileReference; fileEncoding = 4; lastKnownFileType = sourcecode.glsl; path = shaders.frag; sourceTree = "<group>"; };
		58C8F1AC1E4CBEA100A7851F /* GLUtilities.cpp */ = {isa = PBXFileReference; fileEncoding = 4; lastKnownFileType = sourcecode.cpp.cpp; path = GLUtilities.cpp; sourceTree = "<group>"; };
		58C8F1AD1E4CBEA100A7851F /* GLUtilities.hpp */ = {isa = PBXFileReference; fileEncoding = 4; lastKnownFileType = sourcecode.cpp.h; path = GLUtilities.hpp; sourceTree = "<group>"; };
		58C8F1AF1E4E100C00A7851F /* QuaternionDemo.cpp */ = {isa = PBXFileReference; fileEncoding = 4; lastKnownFileType = sourcecode.cpp.cpp; path = QuaternionDemo.cpp; sourceTree = "<group>"; };
		58C8F1B01E4E100C00A7851F /* QuaternionDemo.hpp */ = {isa = PBXFileReference; fileEncoding = 4; lastKnownFileType = sourcecode.cpp.h; path = QuaternionDemo.hpp; sourceTree = "<group>"; };
		58C8F1B21E4E1E5000A7851F /* quaternion_demo.vert */ = {isa = PBXFileReference; fileEncoding = 4; lastKnownFileType = sourcecode.glsl; path = quaternion_demo.vert; sourceTree = "<group>"; };
		58C8F1B31E4E1E6600A7851F /* quaternion_demo.frag */ = {isa = PBXFileReference; fileEncoding = 4; lastKnownFileType = sourcecode.glsl; path = quaternion_demo.frag; sourceTree = "<group>"; };
		58C8F1B61E4F242B00A7851F /* Quaternion.cpp */ = {isa = PBXFileReference; fileEncoding = 4; lastKnownFileType = sourcecode.cpp.cpp; path = Quaternion.cpp; sourceTree = "<group>"; };
		58C8F1B71E4F242B00A7851F /* Quaternion.hpp */ = {isa = PBXFileReference; fileEncoding = 4; lastKnownFileType = sourcecode.cpp.h; path = Quaternion.hpp; sourceTree = "<group>"; };
/* End PBXFileReference section */

/* Begin PBXFrameworksBuildPhase section */
		58B8F0921E1CE8D1005C5C5F /* Frameworks */ = {
			isa = PBXFrameworksBuildPhase;
			buildActionMask = 2147483647;
			files = (
				58B8F0A41E1CED04005C5C5F /* OpenGL.framework in Frameworks */,
				58B8F0AC1E1D088B005C5C5F /* libglfw.3.3.dylib in Frameworks */,
			);
			runOnlyForDeploymentPostprocessing = 0;
		};
/* End PBXFrameworksBuildPhase section */

/* Begin PBXGroup section */
		582FB5B71E3567AC00C031C6 /* models */ = {
			isa = PBXGroup;
			children = (
				582FB5BF1E36573A00C031C6 /* structure.obj */,
				582FB5B91E3567EE00C031C6 /* cup.obj */,
			);
			name = models;
			sourceTree = "<group>";
		};
		58B8F08C1E1CE8D1005C5C5F = {
			isa = PBXGroup;
			children = (
				58B8F0971E1CE8D1005C5C5F /* OpenGL */,
				58B8F0961E1CE8D1005C5C5F /* Products */,
				58B8F0A21E1CED03005C5C5F /* Frameworks */,
			);
			sourceTree = "<group>";
		};
		58B8F0961E1CE8D1005C5C5F /* Products */ = {
			isa = PBXGroup;
			children = (
				58B8F0951E1CE8D1005C5C5F /* OpenGL */,
			);
			name = Products;
			sourceTree = "<group>";
		};
		58B8F0971E1CE8D1005C5C5F /* OpenGL */ = {
			isa = PBXGroup;
			children = (
				582FB5B71E3567AC00C031C6 /* models */,
				58B8F0AD1E1D2C50005C5C5F /* shaders */,
				58B8F0981E1CE8D1005C5C5F /* main.cpp */,
				58B8F09F1E1CE92B005C5C5F /* Shapes.cpp */,
				58B8F0A01E1CE92B005C5C5F /* Shapes.hpp */,
				58B8F0A51E1CEF0F005C5C5F /* Detect.cpp */,
				58B8F0A61E1CEF0F005C5C5F /* Detect.hpp */,
				58B8F0B21E1D311C005C5C5F /* ShaderLoader.cpp */,
				58B8F0B31E1D311C005C5C5F /* ShaderLoader.hpp */,
				58B8F0BA1E1FA61F005C5C5F /* Logger.cpp */,
				58B8F0BB1E1FA61F005C5C5F /* Logger.hpp */,
				58B8F0BD1E20F2A7005C5C5F /* GLParams.cpp */,
				58B8F0BE1E20F2A7005C5C5F /* GLParams.hpp */,
				58B8F0C01E212D6A005C5C5F /* Shaders.cpp */,
				58B8F0C11E212D6A005C5C5F /* Shaders.hpp */,
				5869ACB41E27C97000182916 /* VertexBufferObjects.cpp */,
				5869ACB51E27C97100182916 /* VertexBufferObjects.hpp */,
				5869ACBB1E29033A00182916 /* CubeTransformDemo.cpp */,
				5869ACBC1E29033A00182916 /* CubeTransformDemo.hpp */,
				5869ACD81E316EAD00182916 /* Points.hpp */,
				582FB5B31E32621600C031C6 /* Matrices.cpp */,
				582FB5B41E32621600C031C6 /* Matrices.hpp */,
				582FB5B61E32627F00C031C6 /* Enumerations.h */,
				582FB5BC1E35E46100C031C6 /* ObjectLoader.cpp */,
				582FB5BD1E35E46100C031C6 /* ObjectLoader.hpp */,
				582FB5C11E36778E00C031C6 /* CameraPerspectiveDemo.cpp */,
				582FB5C21E36778E00C031C6 /* CameraPerspectiveDemo.hpp */,
				582FB5C81E36BE9C00C031C6 /* Meshes.h */,
				582FB5C91E36BEEB00C031C6 /* Structs.h */,
				582FB5CA1E378BA600C031C6 /* Mesh.cpp */,
				582FB5CB1E378BA600C031C6 /* Mesh.hpp */,
				58754FF41E39288F0012AAC7 /* Matrix.hpp */,
				583EDA491E42680A00B012D9 /* Input.cpp */,
				583EDA4A1E42680A00B012D9 /* Input.hpp */,
				58C8F1AC1E4CBEA100A7851F /* GLUtilities.cpp */,
				58C8F1AD1E4CBEA100A7851F /* GLUtilities.hpp */,
				58C8F1AF1E4E100C00A7851F /* QuaternionDemo.cpp */,
				58C8F1B01E4E100C00A7851F /* QuaternionDemo.hpp */,
				58C8F1B61E4F242B00A7851F /* Quaternion.cpp */,
				58C8F1B71E4F242B00A7851F /* Quaternion.hpp */,
				587AE8361E60A4FE00881681 /* Camera.cpp */,
				587AE8371E60A4FE00881681 /* Camera.hpp */,
			);
			path = OpenGL;
			sourceTree = "<group>";
		};
		58B8F0A21E1CED03005C5C5F /* Frameworks */ = {
			isa = PBXGroup;
			children = (
				58B8F0AB1E1D088B005C5C5F /* libglfw.3.3.dylib */,
				58B8F0A81E1CFEC2005C5C5F /* libglfw3.a */,
				58B8F0A31E1CED04005C5C5F /* OpenGL.framework */,
			);
			name = Frameworks;
			sourceTree = "<group>";
		};
		58B8F0AD1E1D2C50005C5C5F /* shaders */ = {
			isa = PBXGroup;
			children = (
				58B8F0B01E1D2E42005C5C5F /* one_vs.glsl */,
				58B8F0B11E1D2EC1005C5C5F /* one_fs.glsl */,
				58B8F0B81E1E6811005C5C5F /* one_fs_alt.glsl */,
				58B8F0C31E21570C005C5C5F /* shaders.vert */,
				58B8F0C41E215757005C5C5F /* shaders.frag */,
				5869ACB71E27E58600182916 /* vertex_buffer_objects.vert */,
				5869ACB81E27E59D00182916 /* vertex_buffer_objects.frag */,
				5862C8CB1E32390100D0ADEF /* cube_transform_demo.vert */,
				5862C8CC1E32391300D0ADEF /* cube_transform_demo.frag */,
				582FB5C41E36A11A00C031C6 /* camera_perspective_demo.vert */,
				582FB5C51E36A12D00C031C6 /* camera_perspective_demo.frag */,
				58C8F1B21E4E1E5000A7851F /* quaternion_demo.vert */,
				58C8F1B31E4E1E6600A7851F /* quaternion_demo.frag */,
			);
			name = shaders;
			sourceTree = "<group>";
		};
/* End PBXGroup section */

/* Begin PBXNativeTarget section */
		58B8F0941E1CE8D1005C5C5F /* OpenGL */ = {
			isa = PBXNativeTarget;
			buildConfigurationList = 58B8F09C1E1CE8D1005C5C5F /* Build configuration list for PBXNativeTarget "OpenGL" */;
			buildPhases = (
				58B8F0911E1CE8D1005C5C5F /* Sources */,
				58B8F0921E1CE8D1005C5C5F /* Frameworks */,
				58B8F0931E1CE8D1005C5C5F /* CopyFiles */,
				58B8F0B51E1D36C0005C5C5F /* CopyFiles */,
			);
			buildRules = (
			);
			dependencies = (
			);
			name = OpenGL;
			productName = OpenGL;
			productReference = 58B8F0951E1CE8D1005C5C5F /* OpenGL */;
			productType = "com.apple.product-type.tool";
		};
/* End PBXNativeTarget section */

/* Begin PBXProject section */
		58B8F08D1E1CE8D1005C5C5F /* Project object */ = {
			isa = PBXProject;
			attributes = {
				LastUpgradeCheck = 0800;
				ORGANIZATIONNAME = "Matt Finucane";
				TargetAttributes = {
					58B8F0941E1CE8D1005C5C5F = {
						CreatedOnToolsVersion = 8.0;
						ProvisioningStyle = Automatic;
					};
				};
			};
			buildConfigurationList = 58B8F0901E1CE8D1005C5C5F /* Build configuration list for PBXProject "OpenGL" */;
			compatibilityVersion = "Xcode 3.2";
			developmentRegion = English;
			hasScannedForEncodings = 0;
			knownRegions = (
				en,
			);
			mainGroup = 58B8F08C1E1CE8D1005C5C5F;
			productRefGroup = 58B8F0961E1CE8D1005C5C5F /* Products */;
			projectDirPath = "";
			projectRoot = "";
			targets = (
				58B8F0941E1CE8D1005C5C5F /* OpenGL */,
			);
		};
/* End PBXProject section */

/* Begin PBXSourcesBuildPhase section */
		58B8F0911E1CE8D1005C5C5F /* Sources */ = {
			isa = PBXSourcesBuildPhase;
			buildActionMask = 2147483647;
			files = (
				58C8F1B81E4F242B00A7851F /* Quaternion.cpp in Sources */,
				58B8F0A11E1CE92B005C5C5F /* Shapes.cpp in Sources */,
				5869ACBD1E29033A00182916 /* CubeTransformDemo.cpp in Sources */,
				58B8F0BC1E1FA61F005C5C5F /* Logger.cpp in Sources */,
				587AE8381E60A4FE00881681 /* Camera.cpp in Sources */,
				58B8F0A71E1CEF0F005C5C5F /* Detect.cpp in Sources */,
				582FB5CC1E378BA600C031C6 /* Mesh.cpp in Sources */,
				583EDA4B1E42680A00B012D9 /* Input.cpp in Sources */,
				58B8F0C21E212D6A005C5C5F /* Shaders.cpp in Sources */,
				58B8F0991E1CE8D1005C5C5F /* main.cpp in Sources */,
				58B8F0BF1E20F2A7005C5C5F /* GLParams.cpp in Sources */,
				582FB5B51E32621600C031C6 /* Matrices.cpp in Sources */,
				582FB5BE1E35E46100C031C6 /* ObjectLoader.cpp in Sources */,
				58C8F1AE1E4CBEA100A7851F /* GLUtilities.cpp in Sources */,
				5869ACB61E27C97100182916 /* VertexBufferObjects.cpp in Sources */,
				582FB5C31E36778E00C031C6 /* CameraPerspectiveDemo.cpp in Sources */,
				58C8F1B11E4E100C00A7851F /* QuaternionDemo.cpp in Sources */,
				58B8F0B41E1D311C005C5C5F /* ShaderLoader.cpp in Sources */,
			);
			runOnlyForDeploymentPostprocessing = 0;
		};
/* End PBXSourcesBuildPhase section */

/* Begin XCBuildConfiguration section */
		58B8F09A1E1CE8D1005C5C5F /* Debug */ = {
			isa = XCBuildConfiguration;
			buildSettings = {
				ALWAYS_SEARCH_USER_PATHS = NO;
				CLANG_ANALYZER_NONNULL = YES;
				CLANG_CXX_LANGUAGE_STANDARD = "gnu++0x";
				CLANG_CXX_LIBRARY = "libc++";
				CLANG_ENABLE_MODULES = YES;
				CLANG_ENABLE_OBJC_ARC = YES;
				CLANG_WARN_BOOL_CONVERSION = YES;
				CLANG_WARN_CONSTANT_CONVERSION = YES;
				CLANG_WARN_DIRECT_OBJC_ISA_USAGE = YES_ERROR;
				CLANG_WARN_DOCUMENTATION_COMMENTS = YES;
				CLANG_WARN_EMPTY_BODY = YES;
				CLANG_WARN_ENUM_CONVERSION = YES;
				CLANG_WARN_INFINITE_RECURSION = YES;
				CLANG_WARN_INT_CONVERSION = YES;
				CLANG_WARN_OBJC_ROOT_CLASS = YES_ERROR;
				CLANG_WARN_SUSPICIOUS_MOVES = YES;
				CLANG_WARN_UNREACHABLE_CODE = YES;
				CLANG_WARN__DUPLICATE_METHOD_MATCH = YES;
				CODE_SIGN_IDENTITY = "-";
				COPY_PHASE_STRIP = NO;
				DEBUG_INFORMATION_FORMAT = dwarf;
				ENABLE_STRICT_OBJC_MSGSEND = YES;
				ENABLE_TESTABILITY = YES;
				GCC_C_LANGUAGE_STANDARD = gnu99;
				GCC_DYNAMIC_NO_PIC = NO;
				GCC_NO_COMMON_BLOCKS = YES;
				GCC_OPTIMIZATION_LEVEL = 0;
				GCC_PREPROCESSOR_DEFINITIONS = (
					"DEBUG=1",
					"$(inherited)",
				);
				GCC_WARN_64_TO_32_BIT_CONVERSION = YES;
				GCC_WARN_ABOUT_RETURN_TYPE = YES_ERROR;
				GCC_WARN_UNDECLARED_SELECTOR = YES;
				GCC_WARN_UNINITIALIZED_AUTOS = YES_AGGRESSIVE;
				GCC_WARN_UNUSED_FUNCTION = YES;
				GCC_WARN_UNUSED_VARIABLE = YES;
				MACOSX_DEPLOYMENT_TARGET = 10.12;
				MTL_ENABLE_DEBUG_INFO = YES;
				ONLY_ACTIVE_ARCH = YES;
				SDKROOT = macosx;
			};
			name = Debug;
		};
		58B8F09B1E1CE8D1005C5C5F /* Release */ = {
			isa = XCBuildConfiguration;
			buildSettings = {
				ALWAYS_SEARCH_USER_PATHS = NO;
				CLANG_ANALYZER_NONNULL = YES;
				CLANG_CXX_LANGUAGE_STANDARD = "gnu++0x";
				CLANG_CXX_LIBRARY = "libc++";
				CLANG_ENABLE_MODULES = YES;
				CLANG_ENABLE_OBJC_ARC = YES;
				CLANG_WARN_BOOL_CONVERSION = YES;
				CLANG_WARN_CONSTANT_CONVERSION = YES;
				CLANG_WARN_DIRECT_OBJC_ISA_USAGE = YES_ERROR;
				CLANG_WARN_DOCUMENTATION_COMMENTS = YES;
				CLANG_WARN_EMPTY_BODY = YES;
				CLANG_WARN_ENUM_CONVERSION = YES;
				CLANG_WARN_INFINITE_RECURSION = YES;
				CLANG_WARN_INT_CONVERSION = YES;
				CLANG_WARN_OBJC_ROOT_CLASS = YES_ERROR;
				CLANG_WARN_SUSPICIOUS_MOVES = YES;
				CLANG_WARN_UNREACHABLE_CODE = YES;
				CLANG_WARN__DUPLICATE_METHOD_MATCH = YES;
				CODE_SIGN_IDENTITY = "-";
				COPY_PHASE_STRIP = NO;
				DEBUG_INFORMATION_FORMAT = "dwarf-with-dsym";
				ENABLE_NS_ASSERTIONS = NO;
				ENABLE_STRICT_OBJC_MSGSEND = YES;
				GCC_C_LANGUAGE_STANDARD = gnu99;
				GCC_NO_COMMON_BLOCKS = YES;
				GCC_WARN_64_TO_32_BIT_CONVERSION = YES;
				GCC_WARN_ABOUT_RETURN_TYPE = YES_ERROR;
				GCC_WARN_UNDECLARED_SELECTOR = YES;
				GCC_WARN_UNINITIALIZED_AUTOS = YES_AGGRESSIVE;
				GCC_WARN_UNUSED_FUNCTION = YES;
				GCC_WARN_UNUSED_VARIABLE = YES;
				MACOSX_DEPLOYMENT_TARGET = 10.12;
				MTL_ENABLE_DEBUG_INFO = NO;
				SDKROOT = macosx;
			};
			name = Release;
		};
		58B8F09D1E1CE8D1005C5C5F /* Debug */ = {
			isa = XCBuildConfiguration;
			buildSettings = {
				HEADER_SEARCH_PATHS = /usr/local/include;
				LIBRARY_SEARCH_PATHS = /usr/local/lib;
				PRODUCT_NAME = "$(TARGET_NAME)";
			};
			name = Debug;
		};
		58B8F09E1E1CE8D1005C5C5F /* Release */ = {
			isa = XCBuildConfiguration;
			buildSettings = {
				HEADER_SEARCH_PATHS = /usr/local/include;
				LIBRARY_SEARCH_PATHS = /usr/local/lib;
				PRODUCT_NAME = "$(TARGET_NAME)";
			};
			name = Release;
		};
/* End XCBuildConfiguration section */

/* Begin XCConfigurationList section */
		58B8F0901E1CE8D1005C5C5F /* Build configuration list for PBXProject "OpenGL" */ = {
			isa = XCConfigurationList;
			buildConfigurations = (
				58B8F09A1E1CE8D1005C5C5F /* Debug */,
				58B8F09B1E1CE8D1005C5C5F /* Release */,
			);
			defaultConfigurationIsVisible = 0;
			defaultConfigurationName = Release;
		};
		58B8F09C1E1CE8D1005C5C5F /* Build configuration list for PBXNativeTarget "OpenGL" */ = {
			isa = XCConfigurationList;
			buildConfigurations = (
				58B8F09D1E1CE8D1005C5C5F /* Debug */,
				58B8F09E1E1CE8D1005C5C5F /* Release */,
			);
			defaultConfigurationIsVisible = 0;
			defaultConfigurationName = Release;
		};
/* End XCConfigurationList section */
	};
	rootObject = 58B8F08D1E1CE8D1005C5C5F /* Project object */;
}
